
Microsoft Visual Studio Solution File, Format Version 12.00
# Visual Studio 15
VisualStudioVersion = 15.0.26730.15
MinimumVisualStudioVersion = 10.0.40219.1
Project("{FAE04EC0-301F-11D3-BF4B-00C04F79EFBC}") = "1.1.26", "1.1.26\1.1.26.csproj", "{64068E85-DE77-4D72-BFCB-87B09C1693E8}"
EndProject
Project("{FAE04EC0-301F-11D3-BF4B-00C04F79EFBC}") = "BL", "BL\BL.csproj", "{5334CCE8-6AEA-4713-B33B-660F0AA7C16B}"
EndProject
Global
	GlobalSection(SolutionConfigurationPlatforms) = preSolution
		Debug|Any CPU = Debug|Any CPU
		Release|Any CPU = Release|Any CPU
	EndGlobalSection
	GlobalSection(ProjectConfigurationPlatforms) = postSolution
		{64068E85-DE77-4D72-BFCB-87B09C1693E8}.Debug|Any CPU.ActiveCfg = Debug|Any CPU
		{64068E85-DE77-4D72-BFCB-87B09C1693E8}.Debug|Any CPU.Build.0 = Debug|Any CPU
		{64068E85-DE77-4D72-BFCB-87B09C1693E8}.Release|Any CPU.ActiveCfg = Release|Any CPU
		{64068E85-DE77-4D72-BFCB-87B09C1693E8}.Release|Any CPU.Build.0 = Release|Any CPU
		{5334CCE8-6AEA-4713-B33B-660F0AA7C16B}.Debug|Any CPU.ActiveCfg = Debug|Any CPU
		{5334CCE8-6AEA-4713-B33B-660F0AA7C16B}.Debug|Any CPU.Build.0 = Debug|Any CPU
		{5334CCE8-6AEA-4713-B33B-660F0AA7C16B}.Release|Any CPU.ActiveCfg = Release|Any CPU
		{5334CCE8-6AEA-4713-B33B-660F0AA7C16B}.Release|Any CPU.Build.0 = Release|Any CPU
	EndGlobalSection
	GlobalSection(SolutionProperties) = preSolution
		HideSolutionNode = FALSE
	EndGlobalSection
	GlobalSection(ExtensibilityGlobals) = postSolution
		SolutionGuid = {94D2BE91-1C28-47DC-8981-EB091D04A73B}
	EndGlobalSection
EndGlobal
